
Microsoft Visual Studio Solution File, Format Version 12.00
# Visual Studio 2013
VisualStudioVersion = 12.0.30501.0
MinimumVisualStudioVersion = 10.0.40219.1
Project("{FAE04EC0-301F-11D3-BF4B-00C04F79EFBC}") = "delegate_example", "delegate_example\delegate_example.csproj", "{F1FA3279-B352-422D-B28D-5A0D50AF304E}"
EndProject
Project("{FAE04EC0-301F-11D3-BF4B-00C04F79EFBC}") = "UnitTest", "UnitTest\UnitTest.csproj", "{884B0035-AAFD-410E-884E-76F6B592E80E}"
	ProjectSection(ProjectDependencies) = postProject
		{F1FA3279-B352-422D-B28D-5A0D50AF304E} = {F1FA3279-B352-422D-B28D-5A0D50AF304E}
	EndProjectSection
EndProject
Global
	GlobalSection(SolutionConfigurationPlatforms) = preSolution
		Debug|Any CPU = Debug|Any CPU
		Release|Any CPU = Release|Any CPU
	EndGlobalSection
	GlobalSection(ProjectConfigurationPlatforms) = postSolution
		{F1FA3279-B352-422D-B28D-5A0D50AF304E}.Debug|Any CPU.ActiveCfg = Debug|Any CPU
		{F1FA3279-B352-422D-B28D-5A0D50AF304E}.Debug|Any CPU.Build.0 = Debug|Any CPU
		{F1FA3279-B352-422D-B28D-5A0D50AF304E}.Release|Any CPU.ActiveCfg = Release|Any CPU
		{F1FA3279-B352-422D-B28D-5A0D50AF304E}.Release|Any CPU.Build.0 = Release|Any CPU
		{884B0035-AAFD-410E-884E-76F6B592E80E}.Debug|Any CPU.ActiveCfg = Debug|Any CPU
		{884B0035-AAFD-410E-884E-76F6B592E80E}.Debug|Any CPU.Build.0 = Debug|Any CPU
		{884B0035-AAFD-410E-884E-76F6B592E80E}.Release|Any CPU.ActiveCfg = Release|Any CPU
		{884B0035-AAFD-410E-884E-76F6B592E80E}.Release|Any CPU.Build.0 = Release|Any CPU
	EndGlobalSection
	GlobalSection(SolutionProperties) = preSolution
		HideSolutionNode = FALSE
	EndGlobalSection
EndGlobal
